// !$*UTF8*$!
{
	archiveVersion = 1;
	classes = {
	};
	objectVersion = 55;
	objects = {

/* Begin PBXBuildFile section */
		09D4140FAA3BFFE7F5E0F42D /* Pods_WeatherApp.framework in Frameworks */ = {isa = PBXBuildFile; fileRef = B4B37E2DFFBF136C300A4F23 /* Pods_WeatherApp.framework */; };
		A26AADCB28C8A0A300FCFC59 /* NetworkAPI.framework in Frameworks */ = {isa = PBXBuildFile; fileRef = A26AADCA28C8A0A300FCFC59 /* NetworkAPI.framework */; };
		A26AADCC28C8A0A300FCFC59 /* NetworkAPI.framework in Embed Frameworks */ = {isa = PBXBuildFile; fileRef = A26AADCA28C8A0A300FCFC59 /* NetworkAPI.framework */; settings = {ATTRIBUTES = (CodeSignOnCopy, RemoveHeadersOnCopy, ); }; };
		A284585928C884FA00222185 /* AppDelegate.swift in Sources */ = {isa = PBXBuildFile; fileRef = A284585828C884FA00222185 /* AppDelegate.swift */; };
		A284585B28C884FA00222185 /* SceneDelegate.swift in Sources */ = {isa = PBXBuildFile; fileRef = A284585A28C884FA00222185 /* SceneDelegate.swift */; };
		A284586228C884FB00222185 /* Assets.xcassets in Resources */ = {isa = PBXBuildFile; fileRef = A284586128C884FB00222185 /* Assets.xcassets */; };
		A284586528C884FB00222185 /* LaunchScreen.storyboard in Resources */ = {isa = PBXBuildFile; fileRef = A284586328C884FB00222185 /* LaunchScreen.storyboard */; };
		A29AD3A928C9BF24004BEB5A /* AppRouter.swift in Sources */ = {isa = PBXBuildFile; fileRef = A29AD3A828C9BF24004BEB5A /* AppRouter.swift */; };
		A29AD3AB28C9C0A5004BEB5A /* AppContainer.swift in Sources */ = {isa = PBXBuildFile; fileRef = A29AD3AA28C9C0A5004BEB5A /* AppContainer.swift */; };
		A29AD3BA28C9D767004BEB5A /* HomeViewController.swift in Sources */ = {isa = PBXBuildFile; fileRef = A29AD3B928C9D767004BEB5A /* HomeViewController.swift */; };
		A29AD3BC28C9D782004BEB5A /* HomeViewModel.swift in Sources */ = {isa = PBXBuildFile; fileRef = A29AD3BB28C9D782004BEB5A /* HomeViewModel.swift */; };
		A29AD3C028C9D797004BEB5A /* Home.storyboard in Resources */ = {isa = PBXBuildFile; fileRef = A29AD3BF28C9D797004BEB5A /* Home.storyboard */; };
		A29AD3C228C9D7B6004BEB5A /* HomeBuilder.swift in Sources */ = {isa = PBXBuildFile; fileRef = A29AD3C128C9D7B6004BEB5A /* HomeBuilder.swift */; };
		A29AD3C428C9F179004BEB5A /* WeatherViewController.swift in Sources */ = {isa = PBXBuildFile; fileRef = A29AD3C328C9F179004BEB5A /* WeatherViewController.swift */; };
		A29AD3C628C9F183004BEB5A /* WeatherViewModel.swift in Sources */ = {isa = PBXBuildFile; fileRef = A29AD3C528C9F183004BEB5A /* WeatherViewModel.swift */; };
		A29AD3C828C9F18C004BEB5A /* WeatherBuilder.swift in Sources */ = {isa = PBXBuildFile; fileRef = A29AD3C728C9F18C004BEB5A /* WeatherBuilder.swift */; };
		A29AD3CA28C9F1BE004BEB5A /* Weather.storyboard in Resources */ = {isa = PBXBuildFile; fileRef = A29AD3C928C9F1BE004BEB5A /* Weather.storyboard */; };
		A29AD3CD28C9F542004BEB5A /* TableViewCell.swift in Sources */ = {isa = PBXBuildFile; fileRef = A29AD3CB28C9F542004BEB5A /* TableViewCell.swift */; };
		A29AD3CE28C9F542004BEB5A /* TableViewCell.xib in Resources */ = {isa = PBXBuildFile; fileRef = A29AD3CC28C9F542004BEB5A /* TableViewCell.xib */; };
		A2A2CEED28C9F76400FD4E11 /* WeatherContracts.swift in Sources */ = {isa = PBXBuildFile; fileRef = A2A2CEEC28C9F76400FD4E11 /* WeatherContracts.swift */; };
		A2A2CEF028C9F78D00FD4E11 /* WeatherPresentation.swift in Sources */ = {isa = PBXBuildFile; fileRef = A2A2CEEF28C9F78D00FD4E11 /* WeatherPresentation.swift */; };
/* End PBXBuildFile section */

/* Begin PBXCopyFilesBuildPhase section */
		A26AADCD28C8A0A300FCFC59 /* Embed Frameworks */ = {
			isa = PBXCopyFilesBuildPhase;
			buildActionMask = 2147483647;
			dstPath = "";
			dstSubfolderSpec = 10;
			files = (
				A26AADCC28C8A0A300FCFC59 /* NetworkAPI.framework in Embed Frameworks */,
			);
			name = "Embed Frameworks";
			runOnlyForDeploymentPostprocessing = 0;
		};
/* End PBXCopyFilesBuildPhase section */

/* Begin PBXFileReference section */
		A26AADCA28C8A0A300FCFC59 /* NetworkAPI.framework */ = {isa = PBXFileReference; explicitFileType = wrapper.framework; path = NetworkAPI.framework; sourceTree = BUILT_PRODUCTS_DIR; };
		A284585528C884FA00222185 /* WeatherApp.app */ = {isa = PBXFileReference; explicitFileType = wrapper.application; includeInIndex = 0; path = WeatherApp.app; sourceTree = BUILT_PRODUCTS_DIR; };
		A284585828C884FA00222185 /* AppDelegate.swift */ = {isa = PBXFileReference; lastKnownFileType = sourcecode.swift; path = AppDelegate.swift; sourceTree = "<group>"; };
		A284585A28C884FA00222185 /* SceneDelegate.swift */ = {isa = PBXFileReference; lastKnownFileType = sourcecode.swift; path = SceneDelegate.swift; sourceTree = "<group>"; };
		A284586128C884FB00222185 /* Assets.xcassets */ = {isa = PBXFileReference; lastKnownFileType = folder.assetcatalog; path = Assets.xcassets; sourceTree = "<group>"; };
		A284586428C884FB00222185 /* Base */ = {isa = PBXFileReference; lastKnownFileType = file.storyboard; name = Base; path = Base.lproj/LaunchScreen.storyboard; sourceTree = "<group>"; };
		A284586628C884FB00222185 /* Info.plist */ = {isa = PBXFileReference; lastKnownFileType = text.plist.xml; path = Info.plist; sourceTree = "<group>"; };
		A29AD3A828C9BF24004BEB5A /* AppRouter.swift */ = {isa = PBXFileReference; lastKnownFileType = sourcecode.swift; path = AppRouter.swift; sourceTree = "<group>"; };
		A29AD3AA28C9C0A5004BEB5A /* AppContainer.swift */ = {isa = PBXFileReference; lastKnownFileType = sourcecode.swift; path = AppContainer.swift; sourceTree = "<group>"; };
		A29AD3B928C9D767004BEB5A /* HomeViewController.swift */ = {isa = PBXFileReference; lastKnownFileType = sourcecode.swift; path = HomeViewController.swift; sourceTree = "<group>"; };
		A29AD3BB28C9D782004BEB5A /* HomeViewModel.swift */ = {isa = PBXFileReference; lastKnownFileType = sourcecode.swift; path = HomeViewModel.swift; sourceTree = "<group>"; };
		A29AD3BF28C9D797004BEB5A /* Home.storyboard */ = {isa = PBXFileReference; lastKnownFileType = file.storyboard; path = Home.storyboard; sourceTree = "<group>"; };
		A29AD3C128C9D7B6004BEB5A /* HomeBuilder.swift */ = {isa = PBXFileReference; lastKnownFileType = sourcecode.swift; path = HomeBuilder.swift; sourceTree = "<group>"; };
		A29AD3C328C9F179004BEB5A /* WeatherViewController.swift */ = {isa = PBXFileReference; lastKnownFileType = sourcecode.swift; path = WeatherViewController.swift; sourceTree = "<group>"; };
		A29AD3C528C9F183004BEB5A /* WeatherViewModel.swift */ = {isa = PBXFileReference; lastKnownFileType = sourcecode.swift; path = WeatherViewModel.swift; sourceTree = "<group>"; };
		A29AD3C728C9F18C004BEB5A /* WeatherBuilder.swift */ = {isa = PBXFileReference; lastKnownFileType = sourcecode.swift; path = WeatherBuilder.swift; sourceTree = "<group>"; };
		A29AD3C928C9F1BE004BEB5A /* Weather.storyboard */ = {isa = PBXFileReference; lastKnownFileType = file.storyboard; path = Weather.storyboard; sourceTree = "<group>"; };
		A29AD3CB28C9F542004BEB5A /* TableViewCell.swift */ = {isa = PBXFileReference; lastKnownFileType = sourcecode.swift; path = TableViewCell.swift; sourceTree = "<group>"; };
		A29AD3CC28C9F542004BEB5A /* TableViewCell.xib */ = {isa = PBXFileReference; lastKnownFileType = file.xib; path = TableViewCell.xib; sourceTree = "<group>"; };
		A2A2CEEC28C9F76400FD4E11 /* WeatherContracts.swift */ = {isa = PBXFileReference; lastKnownFileType = sourcecode.swift; path = WeatherContracts.swift; sourceTree = "<group>"; };
		A2A2CEEF28C9F78D00FD4E11 /* WeatherPresentation.swift */ = {isa = PBXFileReference; lastKnownFileType = sourcecode.swift; path = WeatherPresentation.swift; sourceTree = "<group>"; };
		B4B37E2DFFBF136C300A4F23 /* Pods_WeatherApp.framework */ = {isa = PBXFileReference; explicitFileType = wrapper.framework; includeInIndex = 0; path = Pods_WeatherApp.framework; sourceTree = BUILT_PRODUCTS_DIR; };
		CA76FBF17456ED35E7B3F9CF /* Pods-WeatherApp.release.xcconfig */ = {isa = PBXFileReference; includeInIndex = 1; lastKnownFileType = text.xcconfig; name = "Pods-WeatherApp.release.xcconfig"; path = "Target Support Files/Pods-WeatherApp/Pods-WeatherApp.release.xcconfig"; sourceTree = "<group>"; };
		D831F0466059353219116570 /* Pods-WeatherApp.debug.xcconfig */ = {isa = PBXFileReference; includeInIndex = 1; lastKnownFileType = text.xcconfig; name = "Pods-WeatherApp.debug.xcconfig"; path = "Target Support Files/Pods-WeatherApp/Pods-WeatherApp.debug.xcconfig"; sourceTree = "<group>"; };
/* End PBXFileReference section */

/* Begin PBXFrameworksBuildPhase section */
		A284585228C884FA00222185 /* Frameworks */ = {
			isa = PBXFrameworksBuildPhase;
			buildActionMask = 2147483647;
			files = (
				A26AADCB28C8A0A300FCFC59 /* NetworkAPI.framework in Frameworks */,
				09D4140FAA3BFFE7F5E0F42D /* Pods_WeatherApp.framework in Frameworks */,
			);
			runOnlyForDeploymentPostprocessing = 0;
		};
/* End PBXFrameworksBuildPhase section */

/* Begin PBXGroup section */
		5E04330B817D320F11138D0E /* Frameworks */ = {
			isa = PBXGroup;
			children = (
				A26AADCA28C8A0A300FCFC59 /* NetworkAPI.framework */,
				B4B37E2DFFBF136C300A4F23 /* Pods_WeatherApp.framework */,
			);
			name = Frameworks;
			sourceTree = "<group>";
		};
		A26AADD728C8B89000FCFC59 /* App */ = {
			isa = PBXGroup;
			children = (
				A284585828C884FA00222185 /* AppDelegate.swift */,
				A284585A28C884FA00222185 /* SceneDelegate.swift */,
				A29AD3A828C9BF24004BEB5A /* AppRouter.swift */,
				A29AD3AA28C9C0A5004BEB5A /* AppContainer.swift */,
			);
			path = App;
			sourceTree = "<group>";
		};
		A284584C28C884FA00222185 = {
			isa = PBXGroup;
			children = (
				A284585728C884FA00222185 /* WeatherApp */,
				A284585628C884FA00222185 /* Products */,
				ECBBB5D2E4916E6EBFDBF814 /* Pods */,
				5E04330B817D320F11138D0E /* Frameworks */,
			);
			sourceTree = "<group>";
		};
		A284585628C884FA00222185 /* Products */ = {
			isa = PBXGroup;
			children = (
				A284585528C884FA00222185 /* WeatherApp.app */,
			);
			name = Products;
			sourceTree = "<group>";
		};
		A284585728C884FA00222185 /* WeatherApp */ = {
			isa = PBXGroup;
			children = (
				A2A2CEEE28C9F78100FD4E11 /* Presentation */,
				A29AD3B828C9D756004BEB5A /* Home */,
				A29AD3AC28C9C1BC004BEB5A /* Weather */,
				A26AADD728C8B89000FCFC59 /* App */,
				A284586128C884FB00222185 /* Assets.xcassets */,
				A284586328C884FB00222185 /* LaunchScreen.storyboard */,
				A284586628C884FB00222185 /* Info.plist */,
			);
			path = WeatherApp;
			sourceTree = "<group>";
		};
		A29AD3AC28C9C1BC004BEB5A /* Weather */ = {
			isa = PBXGroup;
			children = (
				A29AD3C328C9F179004BEB5A /* WeatherViewController.swift */,
				A29AD3C528C9F183004BEB5A /* WeatherViewModel.swift */,
				A29AD3C728C9F18C004BEB5A /* WeatherBuilder.swift */,
				A29AD3C928C9F1BE004BEB5A /* Weather.storyboard */,
				A29AD3CB28C9F542004BEB5A /* TableViewCell.swift */,
				A29AD3CC28C9F542004BEB5A /* TableViewCell.xib */,
				A2A2CEEC28C9F76400FD4E11 /* WeatherContracts.swift */,
			);
			path = Weather;
			sourceTree = "<group>";
		};
		A29AD3B828C9D756004BEB5A /* Home */ = {
			isa = PBXGroup;
			children = (
				A29AD3B928C9D767004BEB5A /* HomeViewController.swift */,
				A29AD3BB28C9D782004BEB5A /* HomeViewModel.swift */,
				A29AD3BF28C9D797004BEB5A /* Home.storyboard */,
				A29AD3C128C9D7B6004BEB5A /* HomeBuilder.swift */,
			);
			path = Home;
			sourceTree = "<group>";
		};
		A2A2CEEE28C9F78100FD4E11 /* Presentation */ = {
			isa = PBXGroup;
			children = (
				A2A2CEEF28C9F78D00FD4E11 /* WeatherPresentation.swift */,
			);
			path = Presentation;
			sourceTree = "<group>";
		};
		ECBBB5D2E4916E6EBFDBF814 /* Pods */ = {
			isa = PBXGroup;
			children = (
				D831F0466059353219116570 /* Pods-WeatherApp.debug.xcconfig */,
				CA76FBF17456ED35E7B3F9CF /* Pods-WeatherApp.release.xcconfig */,
			);
			path = Pods;
			sourceTree = "<group>";
		};
/* End PBXGroup section */

/* Begin PBXNativeTarget section */
		A284585428C884FA00222185 /* WeatherApp */ = {
			isa = PBXNativeTarget;
			buildConfigurationList = A284586928C884FB00222185 /* Build configuration list for PBXNativeTarget "WeatherApp" */;
			buildPhases = (
				47E2E924BF8E6ECE5BDBBAB0 /* [CP] Check Pods Manifest.lock */,
				A284585128C884FA00222185 /* Sources */,
				A284585228C884FA00222185 /* Frameworks */,
				A284585328C884FA00222185 /* Resources */,
				AE75B076D6B1AE76348331BA /* [CP] Embed Pods Frameworks */,
				A26AADCD28C8A0A300FCFC59 /* Embed Frameworks */,
			);
			buildRules = (
			);
			dependencies = (
			);
			name = WeatherApp;
			productName = WeatherApp;
			productReference = A284585528C884FA00222185 /* WeatherApp.app */;
			productType = "com.apple.product-type.application";
		};
/* End PBXNativeTarget section */

/* Begin PBXProject section */
		A284584D28C884FA00222185 /* Project object */ = {
			isa = PBXProject;
			attributes = {
				BuildIndependentTargetsInParallel = 1;
				LastSwiftUpdateCheck = 1320;
				LastUpgradeCheck = 1320;
				TargetAttributes = {
					A284585428C884FA00222185 = {
						CreatedOnToolsVersion = 13.2.1;
					};
				};
			};
			buildConfigurationList = A284585028C884FA00222185 /* Build configuration list for PBXProject "WeatherApp" */;
			compatibilityVersion = "Xcode 13.0";
			developmentRegion = en;
			hasScannedForEncodings = 0;
			knownRegions = (
				en,
				Base,
			);
			mainGroup = A284584C28C884FA00222185;
			productRefGroup = A284585628C884FA00222185 /* Products */;
			projectDirPath = "";
			projectRoot = "";
			targets = (
				A284585428C884FA00222185 /* WeatherApp */,
			);
		};
/* End PBXProject section */

/* Begin PBXResourcesBuildPhase section */
		A284585328C884FA00222185 /* Resources */ = {
			isa = PBXResourcesBuildPhase;
			buildActionMask = 2147483647;
			files = (
				A29AD3C028C9D797004BEB5A /* Home.storyboard in Resources */,
				A29AD3CE28C9F542004BEB5A /* TableViewCell.xib in Resources */,
				A29AD3CA28C9F1BE004BEB5A /* Weather.storyboard in Resources */,
				A284586528C884FB00222185 /* LaunchScreen.storyboard in Resources */,
				A284586228C884FB00222185 /* Assets.xcassets in Resources */,
			);
			runOnlyForDeploymentPostprocessing = 0;
		};
/* End PBXResourcesBuildPhase section */

/* Begin PBXShellScriptBuildPhase section */
		47E2E924BF8E6ECE5BDBBAB0 /* [CP] Check Pods Manifest.lock */ = {
			isa = PBXShellScriptBuildPhase;
			buildActionMask = 2147483647;
			files = (
			);
			inputFileListPaths = (
			);
			inputPaths = (
				"${PODS_PODFILE_DIR_PATH}/Podfile.lock",
				"${PODS_ROOT}/Manifest.lock",
			);
			name = "[CP] Check Pods Manifest.lock";
			outputFileListPaths = (
			);
			outputPaths = (
				"$(DERIVED_FILE_DIR)/Pods-WeatherApp-checkManifestLockResult.txt",
			);
			runOnlyForDeploymentPostprocessing = 0;
			shellPath = /bin/sh;
			shellScript = "diff \"${PODS_PODFILE_DIR_PATH}/Podfile.lock\" \"${PODS_ROOT}/Manifest.lock\" > /dev/null\nif [ $? != 0 ] ; then\n    # print error to STDERR\n    echo \"error: The sandbox is not in sync with the Podfile.lock. Run 'pod install' or update your CocoaPods installation.\" >&2\n    exit 1\nfi\n# This output is used by Xcode 'outputs' to avoid re-running this script phase.\necho \"SUCCESS\" > \"${SCRIPT_OUTPUT_FILE_0}\"\n";
			showEnvVarsInLog = 0;
		};
		AE75B076D6B1AE76348331BA /* [CP] Embed Pods Frameworks */ = {
			isa = PBXShellScriptBuildPhase;
			buildActionMask = 2147483647;
			files = (
			);
			inputFileListPaths = (
				"${PODS_ROOT}/Target Support Files/Pods-WeatherApp/Pods-WeatherApp-frameworks-${CONFIGURATION}-input-files.xcfilelist",
			);
			name = "[CP] Embed Pods Frameworks";
			outputFileListPaths = (
				"${PODS_ROOT}/Target Support Files/Pods-WeatherApp/Pods-WeatherApp-frameworks-${CONFIGURATION}-output-files.xcfilelist",
			);
			runOnlyForDeploymentPostprocessing = 0;
			shellPath = /bin/sh;
			shellScript = "\"${PODS_ROOT}/Target Support Files/Pods-WeatherApp/Pods-WeatherApp-frameworks.sh\"\n";
			showEnvVarsInLog = 0;
		};
/* End PBXShellScriptBuildPhase section */

/* Begin PBXSourcesBuildPhase section */
		A284585128C884FA00222185 /* Sources */ = {
			isa = PBXSourcesBuildPhase;
			buildActionMask = 2147483647;
			files = (
				A29AD3BA28C9D767004BEB5A /* HomeViewController.swift in Sources */,
				A29AD3C628C9F183004BEB5A /* WeatherViewModel.swift in Sources */,
				A29AD3C828C9F18C004BEB5A /* WeatherBuilder.swift in Sources */,
				A29AD3BC28C9D782004BEB5A /* HomeViewModel.swift in Sources */,
				A29AD3AB28C9C0A5004BEB5A /* AppContainer.swift in Sources */,
				A29AD3C228C9D7B6004BEB5A /* HomeBuilder.swift in Sources */,
				A29AD3CD28C9F542004BEB5A /* TableViewCell.swift in Sources */,
				A29AD3A928C9BF24004BEB5A /* AppRouter.swift in Sources */,
				A29AD3C428C9F179004BEB5A /* WeatherViewController.swift in Sources */,
				A2A2CEF028C9F78D00FD4E11 /* WeatherPresentation.swift in Sources */,
				A284585928C884FA00222185 /* AppDelegate.swift in Sources */,
				A2A2CEED28C9F76400FD4E11 /* WeatherContracts.swift in Sources */,
				A284585B28C884FA00222185 /* SceneDelegate.swift in Sources */,
			);
			runOnlyForDeploymentPostprocessing = 0;
		};
/* End PBXSourcesBuildPhase section */

/* Begin PBXVariantGroup section */
		A284586328C884FB00222185 /* LaunchScreen.storyboard */ = {
			isa = PBXVariantGroup;
			children = (
				A284586428C884FB00222185 /* Base */,
			);
			name = LaunchScreen.storyboard;
			sourceTree = "<group>";
		};
/* End PBXVariantGroup section */

/* Begin XCBuildConfiguration section */
		A284586728C884FB00222185 /* Debug */ = {
			isa = XCBuildConfiguration;
			buildSettings = {
				ALWAYS_SEARCH_USER_PATHS = NO;
				CLANG_ANALYZER_NONNULL = YES;
				CLANG_ANALYZER_NUMBER_OBJECT_CONVERSION = YES_AGGRESSIVE;
				CLANG_CXX_LANGUAGE_STANDARD = "gnu++17";
				CLANG_CXX_LIBRARY = "libc++";
				CLANG_ENABLE_MODULES = YES;
				CLANG_ENABLE_OBJC_ARC = YES;
				CLANG_ENABLE_OBJC_WEAK = YES;
				CLANG_WARN_BLOCK_CAPTURE_AUTORELEASING = YES;
				CLANG_WARN_BOOL_CONVERSION = YES;
				CLANG_WARN_COMMA = YES;
				CLANG_WARN_CONSTANT_CONVERSION = YES;
				CLANG_WARN_DEPRECATED_OBJC_IMPLEMENTATIONS = YES;
				CLANG_WARN_DIRECT_OBJC_ISA_USAGE = YES_ERROR;
				CLANG_WARN_DOCUMENTATION_COMMENTS = YES;
				CLANG_WARN_EMPTY_BODY = YES;
				CLANG_WARN_ENUM_CONVERSION = YES;
				CLANG_WARN_INFINITE_RECURSION = YES;
				CLANG_WARN_INT_CONVERSION = YES;
				CLANG_WARN_NON_LITERAL_NULL_CONVERSION = YES;
				CLANG_WARN_OBJC_IMPLICIT_RETAIN_SELF = YES;
				CLANG_WARN_OBJC_LITERAL_CONVERSION = YES;
				CLANG_WARN_OBJC_ROOT_CLASS = YES_ERROR;
				CLANG_WARN_QUOTED_INCLUDE_IN_FRAMEWORK_HEADER = YES;
				CLANG_WARN_RANGE_LOOP_ANALYSIS = YES;
				CLANG_WARN_STRICT_PROTOTYPES = YES;
				CLANG_WARN_SUSPICIOUS_MOVE = YES;
				CLANG_WARN_UNGUARDED_AVAILABILITY = YES_AGGRESSIVE;
				CLANG_WARN_UNREACHABLE_CODE = YES;
				CLANG_WARN__DUPLICATE_METHOD_MATCH = YES;
				COPY_PHASE_STRIP = NO;
				DEBUG_INFORMATION_FORMAT = dwarf;
				ENABLE_STRICT_OBJC_MSGSEND = YES;
				ENABLE_TESTABILITY = YES;
				GCC_C_LANGUAGE_STANDARD = gnu11;
				GCC_DYNAMIC_NO_PIC = NO;
				GCC_NO_COMMON_BLOCKS = YES;
				GCC_OPTIMIZATION_LEVEL = 0;
				GCC_PREPROCESSOR_DEFINITIONS = (
					"DEBUG=1",
					"$(inherited)",
				);
				GCC_WARN_64_TO_32_BIT_CONVERSION = YES;
				GCC_WARN_ABOUT_RETURN_TYPE = YES_ERROR;
				GCC_WARN_UNDECLARED_SELECTOR = YES;
				GCC_WARN_UNINITIALIZED_AUTOS = YES_AGGRESSIVE;
				GCC_WARN_UNUSED_FUNCTION = YES;
				GCC_WARN_UNUSED_VARIABLE = YES;
				IPHONEOS_DEPLOYMENT_TARGET = 15.2;
				MTL_ENABLE_DEBUG_INFO = INCLUDE_SOURCE;
				MTL_FAST_MATH = YES;
				ONLY_ACTIVE_ARCH = YES;
				SDKROOT = iphoneos;
				SWIFT_ACTIVE_COMPILATION_CONDITIONS = DEBUG;
				SWIFT_OPTIMIZATION_LEVEL = "-Onone";
			};
			name = Debug;
		};
		A284586828C884FB00222185 /* Release */ = {
			isa = XCBuildConfiguration;
			buildSettings = {
				ALWAYS_SEARCH_USER_PATHS = NO;
				CLANG_ANALYZER_NONNULL = YES;
				CLANG_ANALYZER_NUMBER_OBJECT_CONVERSION = YES_AGGRESSIVE;
				CLANG_CXX_LANGUAGE_STANDARD = "gnu++17";
				CLANG_CXX_LIBRARY = "libc++";
				CLANG_ENABLE_MODULES = YES;
				CLANG_ENABLE_OBJC_ARC = YES;
				CLANG_ENABLE_OBJC_WEAK = YES;
				CLANG_WARN_BLOCK_CAPTURE_AUTORELEASING = YES;
				CLANG_WARN_BOOL_CONVERSION = YES;
				CLANG_WARN_COMMA = YES;
				CLANG_WARN_CONSTANT_CONVERSION = YES;
				CLANG_WARN_DEPRECATED_OBJC_IMPLEMENTATIONS = YES;
				CLANG_WARN_DIRECT_OBJC_ISA_USAGE = YES_ERROR;
				CLANG_WARN_DOCUMENTATION_COMMENTS = YES;
				CLANG_WARN_EMPTY_BODY = YES;
				CLANG_WARN_ENUM_CONVERSION = YES;
				CLANG_WARN_INFINITE_RECURSION = YES;
				CLANG_WARN_INT_CONVERSION = YES;
				CLANG_WARN_NON_LITERAL_NULL_CONVERSION = YES;
				CLANG_WARN_OBJC_IMPLICIT_RETAIN_SELF = YES;
				CLANG_WARN_OBJC_LITERAL_CONVERSION = YES;
				CLANG_WARN_OBJC_ROOT_CLASS = YES_ERROR;
				CLANG_WARN_QUOTED_INCLUDE_IN_FRAMEWORK_HEADER = YES;
				CLANG_WARN_RANGE_LOOP_ANALYSIS = YES;
				CLANG_WARN_STRICT_PROTOTYPES = YES;
				CLANG_WARN_SUSPICIOUS_MOVE = YES;
				CLANG_WARN_UNGUARDED_AVAILABILITY = YES_AGGRESSIVE;
				CLANG_WARN_UNREACHABLE_CODE = YES;
				CLANG_WARN__DUPLICATE_METHOD_MATCH = YES;
				COPY_PHASE_STRIP = NO;
				DEBUG_INFORMATION_FORMAT = "dwarf-with-dsym";
				ENABLE_NS_ASSERTIONS = NO;
				ENABLE_STRICT_OBJC_MSGSEND = YES;
				GCC_C_LANGUAGE_STANDARD = gnu11;
				GCC_NO_COMMON_BLOCKS = YES;
				GCC_WARN_64_TO_32_BIT_CONVERSION = YES;
				GCC_WARN_ABOUT_RETURN_TYPE = YES_ERROR;
				GCC_WARN_UNDECLARED_SELECTOR = YES;
				GCC_WARN_UNINITIALIZED_AUTOS = YES_AGGRESSIVE;
				GCC_WARN_UNUSED_FUNCTION = YES;
				GCC_WARN_UNUSED_VARIABLE = YES;
				IPHONEOS_DEPLOYMENT_TARGET = 15.2;
				MTL_ENABLE_DEBUG_INFO = NO;
				MTL_FAST_MATH = YES;
				SDKROOT = iphoneos;
				SWIFT_COMPILATION_MODE = wholemodule;
				SWIFT_OPTIMIZATION_LEVEL = "-O";
				VALIDATE_PRODUCT = YES;
			};
			name = Release;
		};
		A284586A28C884FB00222185 /* Debug */ = {
			isa = XCBuildConfiguration;
			baseConfigurationReference = D831F0466059353219116570 /* Pods-WeatherApp.debug.xcconfig */;
			buildSettings = {
				ASSETCATALOG_COMPILER_APPICON_NAME = AppIcon;
				ASSETCATALOG_COMPILER_GLOBAL_ACCENT_COLOR_NAME = AccentColor;
				CODE_SIGN_STYLE = Automatic;
				CURRENT_PROJECT_VERSION = 1;
				DEVELOPMENT_TEAM = SWJ8BLCFFX;
				GENERATE_INFOPLIST_FILE = YES;
				INFOPLIST_FILE = WeatherApp/Info.plist;
				INFOPLIST_KEY_UIApplicationSupportsIndirectInputEvents = YES;
				INFOPLIST_KEY_UILaunchStoryboardName = LaunchScreen;
				INFOPLIST_KEY_UIMainStoryboardFile = Home;
				INFOPLIST_KEY_UISupportedInterfaceOrientations_iPad = "UIInterfaceOrientationPortrait UIInterfaceOrientationPortraitUpsideDown UIInterfaceOrientationLandscapeLeft UIInterfaceOrientationLandscapeRight";
				INFOPLIST_KEY_UISupportedInterfaceOrientations_iPhone = "UIInterfaceOrientationPortrait UIInterfaceOrientationLandscapeLeft UIInterfaceOrientationLandscapeRight";
				LD_RUNPATH_SEARCH_PATHS = (
					"$(inherited)",
					"@executable_path/Frameworks",
				);
				MARKETING_VERSION = 1.0;
				PRODUCT_BUNDLE_IDENTIFIER = com.cagla.WeatherApp;
				PRODUCT_NAME = "$(TARGET_NAME)";
				SWIFT_EMIT_LOC_STRINGS = YES;
				SWIFT_VERSION = 5.0;
				TARGETED_DEVICE_FAMILY = "1,2";
			};
			name = Debug;
		};
		A284586B28C884FB00222185 /* Release */ = {
			isa = XCBuildConfiguration;
			baseConfigurationReference = CA76FBF17456ED35E7B3F9CF /* Pods-WeatherApp.release.xcconfig */;
			buildSettings = {
				ASSETCATALOG_COMPILER_APPICON_NAME = AppIcon;
				ASSETCATALOG_COMPILER_GLOBAL_ACCENT_COLOR_NAME = AccentColor;
				CODE_SIGN_STYLE = Automatic;
				CURRENT_PROJECT_VERSION = 1;
				DEVELOPMENT_TEAM = SWJ8BLCFFX;
				GENERATE_INFOPLIST_FILE = YES;
				INFOPLIST_FILE = WeatherApp/Info.plist;
				INFOPLIST_KEY_UIApplicationSupportsIndirectInputEvents = YES;
				INFOPLIST_KEY_UILaunchStoryboardName = LaunchScreen;
				INFOPLIST_KEY_UIMainStoryboardFile = Home;
				INFOPLIST_KEY_UISupportedInterfaceOrientations_iPad = "UIInterfaceOrientationPortrait UIInterfaceOrientationPortraitUpsideDown UIInterfaceOrientationLandscapeLeft UIInterfaceOrientationLandscapeRight";
				INFOPLIST_KEY_UISupportedInterfaceOrientations_iPhone = "UIInterfaceOrientationPortrait UIInterfaceOrientationLandscapeLeft UIInterfaceOrientationLandscapeRight";
				LD_RUNPATH_SEARCH_PATHS = (
					"$(inherited)",
					"@executable_path/Frameworks",
				);
				MARKETING_VERSION = 1.0;
				PRODUCT_BUNDLE_IDENTIFIER = com.cagla.WeatherApp;
				PRODUCT_NAME = "$(TARGET_NAME)";
				SWIFT_EMIT_LOC_STRINGS = YES;
				SWIFT_VERSION = 5.0;
				TARGETED_DEVICE_FAMILY = "1,2";
			};
			name = Release;
		};
/* End XCBuildConfiguration section */

/* Begin XCConfigurationList section */
		A284585028C884FA00222185 /* Build configuration list for PBXProject "WeatherApp" */ = {
			isa = XCConfigurationList;
			buildConfigurations = (
				A284586728C884FB00222185 /* Debug */,
				A284586828C884FB00222185 /* Release */,
			);
			defaultConfigurationIsVisible = 0;
			defaultConfigurationName = Release;
		};
		A284586928C884FB00222185 /* Build configuration list for PBXNativeTarget "WeatherApp" */ = {
			isa = XCConfigurationList;
			buildConfigurations = (
				A284586A28C884FB00222185 /* Debug */,
				A284586B28C884FB00222185 /* Release */,
			);
			defaultConfigurationIsVisible = 0;
			defaultConfigurationName = Release;
		};
/* End XCConfigurationList section */
	};
	rootObject = A284584D28C884FA00222185 /* Project object */;
}
